
Microsoft Visual Studio Solution File, Format Version 12.00
# Visual Studio 14
VisualStudioVersion = 14.0.24720.0
MinimumVisualStudioVersion = 10.0.40219.1
Project("{FAE04EC0-301F-11D3-BF4B-00C04F79EFBC}") = "Bloggable.Common", "Bloggable.Common\Bloggable.Common.csproj", "{636BFF57-5803-43AE-8A27-3AFCBC52BABF}"
EndProject
Project("{2150E333-8FDC-42A3-9474-1A3956D46DE8}") = "Data", "Data", "{65B5F97B-9892-422B-BA9A-39370BD6C9FA}"
EndProject
Project("{2150E333-8FDC-42A3-9474-1A3956D46DE8}") = "Web", "Web", "{AF975F33-26B2-4A92-AA57-66E58B9456C6}"
EndProject
Project("{2150E333-8FDC-42A3-9474-1A3956D46DE8}") = "Tests", "Tests", "{50683C47-B25F-4C93-9FDC-161F9ED26E2C}"
EndProject
Project("{2150E333-8FDC-42A3-9474-1A3956D46DE8}") = "Services", "Services", "{93AA184B-11B7-4074-9106-8EE3F47F69BD}"
EndProject
Project("{2150E333-8FDC-42A3-9474-1A3956D46DE8}") = "External Libraries", "External Libraries", "{C8D88358-B033-4AAB-B9A6-4B739A805D68}"
EndProject
Project("{FAE04EC0-301F-11D3-BF4B-00C04F79EFBC}") = "Bloggable.Data.Models", "Data\Bloggable.Data.Models\Bloggable.Data.Models.csproj", "{9E658BA8-6E16-47F0-952F-A9546D871118}"
EndProject
Project("{FAE04EC0-301F-11D3-BF4B-00C04F79EFBC}") = "Bloggable.Data", "Data\Bloggable.Data\Bloggable.Data.csproj", "{880E85A2-3E14-49D8-9B9C-FA95405891F4}"
EndProject
Project("{FAE04EC0-301F-11D3-BF4B-00C04F79EFBC}") = "Bloggable.Data.Contracts", "Data\Bloggable.Data.Contracts\Bloggable.Data.Contracts.csproj", "{3A53475F-62D8-44D9-9AC0-219B7FAD7D5F}"
EndProject
Project("{FAE04EC0-301F-11D3-BF4B-00C04F79EFBC}") = "Bloggable.Web", "Web\Bloggable.Web\Bloggable.Web.csproj", "{172214AD-28B6-4D6A-8815-98CAD320E6F2}"
EndProject
Project("{FAE04EC0-301F-11D3-BF4B-00C04F79EFBC}") = "Bloggable.Services.Common", "Services\Bloggable.Services.Common\Bloggable.Services.Common.csproj", "{D3F5F18E-0181-4AC6-A7AD-9882663EBEB9}"
EndProject
Project("{FAE04EC0-301F-11D3-BF4B-00C04F79EFBC}") = "Bloggable.Tests.Web", "Tests\Bloggable.Tests.Web\Bloggable.Tests.Web.csproj", "{F5ECA312-0421-4438-9CF1-8E684F78E0DE}"
EndProject
Project("{FAE04EC0-301F-11D3-BF4B-00C04F79EFBC}") = "Bloggable.Web.Models", "Web\Bloggable.Web.Models\Bloggable.Web.Models.csproj", "{1CE2EBC4-0DCF-4BE4-91B2-20610065E472}"
EndProject
Project("{FAE04EC0-301F-11D3-BF4B-00C04F79EFBC}") = "Bloggable.Web.Config", "Web\Bloggable.Web.Config\Bloggable.Web.Config.csproj", "{D1E7D236-32EF-45D7-883F-CEFE78620690}"
EndProject
Project("{FAE04EC0-301F-11D3-BF4B-00C04F79EFBC}") = "Bloggable.Web.Infrastructure", "Web\Bloggable.Web.Infrastructure\Bloggable.Web.Infrastructure.csproj", "{20D8D7B7-04BA-406C-A552-CB25FC7E63B9}"
EndProject
Project("{FAE04EC0-301F-11D3-BF4B-00C04F79EFBC}") = "Bloggable.Services.Data", "Services\Bloggable.Services.Data\Bloggable.Services.Data.csproj", "{34769DF1-1CCC-45DB-A378-3F869885B0DC}"
EndProject
Project("{FAE04EC0-301F-11D3-BF4B-00C04F79EFBC}") = "Bloggable.Services.Administration", "Services\Bloggable.Services.Administration\Bloggable.Services.Administration.csproj", "{2251F6BD-AA72-4AF4-9E91-609356BED088}"
EndProject
Project("{2150E333-8FDC-42A3-9474-1A3956D46DE8}") = "Kendo", "Kendo", "{EA39C236-028F-4304-BEB4-7545E8DCCEB4}"
	ProjectSection(SolutionItems) = preProject
		External Libraries\Kendo\Kendo.Mvc.dll = External Libraries\Kendo\Kendo.Mvc.dll
	EndProjectSection
EndProject
Global
	GlobalSection(SolutionConfigurationPlatforms) = preSolution
		Debug|Any CPU = Debug|Any CPU
		Release|Any CPU = Release|Any CPU
	EndGlobalSection
	GlobalSection(ProjectConfigurationPlatforms) = postSolution
		{636BFF57-5803-43AE-8A27-3AFCBC52BABF}.Debug|Any CPU.ActiveCfg = Debug|Any CPU
		{636BFF57-5803-43AE-8A27-3AFCBC52BABF}.Debug|Any CPU.Build.0 = Debug|Any CPU
		{636BFF57-5803-43AE-8A27-3AFCBC52BABF}.Release|Any CPU.ActiveCfg = Release|Any CPU
		{636BFF57-5803-43AE-8A27-3AFCBC52BABF}.Release|Any CPU.Build.0 = Release|Any CPU
		{9E658BA8-6E16-47F0-952F-A9546D871118}.Debug|Any CPU.ActiveCfg = Debug|Any CPU
		{9E658BA8-6E16-47F0-952F-A9546D871118}.Debug|Any CPU.Build.0 = Debug|Any CPU
		{9E658BA8-6E16-47F0-952F-A9546D871118}.Release|Any CPU.ActiveCfg = Release|Any CPU
		{9E658BA8-6E16-47F0-952F-A9546D871118}.Release|Any CPU.Build.0 = Release|Any CPU
		{880E85A2-3E14-49D8-9B9C-FA95405891F4}.Debug|Any CPU.ActiveCfg = Debug|Any CPU
		{880E85A2-3E14-49D8-9B9C-FA95405891F4}.Debug|Any CPU.Build.0 = Debug|Any CPU
		{880E85A2-3E14-49D8-9B9C-FA95405891F4}.Release|Any CPU.ActiveCfg = Release|Any CPU
		{880E85A2-3E14-49D8-9B9C-FA95405891F4}.Release|Any CPU.Build.0 = Release|Any CPU
		{3A53475F-62D8-44D9-9AC0-219B7FAD7D5F}.Debug|Any CPU.ActiveCfg = Debug|Any CPU
		{3A53475F-62D8-44D9-9AC0-219B7FAD7D5F}.Debug|Any CPU.Build.0 = Debug|Any CPU
		{3A53475F-62D8-44D9-9AC0-219B7FAD7D5F}.Release|Any CPU.ActiveCfg = Release|Any CPU
		{3A53475F-62D8-44D9-9AC0-219B7FAD7D5F}.Release|Any CPU.Build.0 = Release|Any CPU
		{172214AD-28B6-4D6A-8815-98CAD320E6F2}.Debug|Any CPU.ActiveCfg = Debug|Any CPU
		{172214AD-28B6-4D6A-8815-98CAD320E6F2}.Debug|Any CPU.Build.0 = Debug|Any CPU
		{172214AD-28B6-4D6A-8815-98CAD320E6F2}.Release|Any CPU.ActiveCfg = Release|Any CPU
		{172214AD-28B6-4D6A-8815-98CAD320E6F2}.Release|Any CPU.Build.0 = Release|Any CPU
		{D3F5F18E-0181-4AC6-A7AD-9882663EBEB9}.Debug|Any CPU.ActiveCfg = Debug|Any CPU
		{D3F5F18E-0181-4AC6-A7AD-9882663EBEB9}.Debug|Any CPU.Build.0 = Debug|Any CPU
		{D3F5F18E-0181-4AC6-A7AD-9882663EBEB9}.Release|Any CPU.ActiveCfg = Release|Any CPU
		{D3F5F18E-0181-4AC6-A7AD-9882663EBEB9}.Release|Any CPU.Build.0 = Release|Any CPU
		{F5ECA312-0421-4438-9CF1-8E684F78E0DE}.Debug|Any CPU.ActiveCfg = Debug|Any CPU
		{F5ECA312-0421-4438-9CF1-8E684F78E0DE}.Debug|Any CPU.Build.0 = Debug|Any CPU
		{F5ECA312-0421-4438-9CF1-8E684F78E0DE}.Release|Any CPU.ActiveCfg = Release|Any CPU
		{F5ECA312-0421-4438-9CF1-8E684F78E0DE}.Release|Any CPU.Build.0 = Release|Any CPU
		{1CE2EBC4-0DCF-4BE4-91B2-20610065E472}.Debug|Any CPU.ActiveCfg = Debug|Any CPU
		{1CE2EBC4-0DCF-4BE4-91B2-20610065E472}.Debug|Any CPU.Build.0 = Debug|Any CPU
		{1CE2EBC4-0DCF-4BE4-91B2-20610065E472}.Release|Any CPU.ActiveCfg = Release|Any CPU
		{1CE2EBC4-0DCF-4BE4-91B2-20610065E472}.Release|Any CPU.Build.0 = Release|Any CPU
		{D1E7D236-32EF-45D7-883F-CEFE78620690}.Debug|Any CPU.ActiveCfg = Debug|Any CPU
		{D1E7D236-32EF-45D7-883F-CEFE78620690}.Debug|Any CPU.Build.0 = Debug|Any CPU
		{D1E7D236-32EF-45D7-883F-CEFE78620690}.Release|Any CPU.ActiveCfg = Release|Any CPU
		{D1E7D236-32EF-45D7-883F-CEFE78620690}.Release|Any CPU.Build.0 = Release|Any CPU
		{20D8D7B7-04BA-406C-A552-CB25FC7E63B9}.Debug|Any CPU.ActiveCfg = Debug|Any CPU
		{20D8D7B7-04BA-406C-A552-CB25FC7E63B9}.Debug|Any CPU.Build.0 = Debug|Any CPU
		{20D8D7B7-04BA-406C-A552-CB25FC7E63B9}.Release|Any CPU.ActiveCfg = Release|Any CPU
		{20D8D7B7-04BA-406C-A552-CB25FC7E63B9}.Release|Any CPU.Build.0 = Release|Any CPU
		{34769DF1-1CCC-45DB-A378-3F869885B0DC}.Debug|Any CPU.ActiveCfg = Debug|Any CPU
		{34769DF1-1CCC-45DB-A378-3F869885B0DC}.Debug|Any CPU.Build.0 = Debug|Any CPU
		{34769DF1-1CCC-45DB-A378-3F869885B0DC}.Release|Any CPU.ActiveCfg = Release|Any CPU
		{34769DF1-1CCC-45DB-A378-3F869885B0DC}.Release|Any CPU.Build.0 = Release|Any CPU
		{2251F6BD-AA72-4AF4-9E91-609356BED088}.Debug|Any CPU.ActiveCfg = Debug|Any CPU
		{2251F6BD-AA72-4AF4-9E91-609356BED088}.Debug|Any CPU.Build.0 = Debug|Any CPU
		{2251F6BD-AA72-4AF4-9E91-609356BED088}.Release|Any CPU.ActiveCfg = Release|Any CPU
		{2251F6BD-AA72-4AF4-9E91-609356BED088}.Release|Any CPU.Build.0 = Release|Any CPU
	EndGlobalSection
	GlobalSection(SolutionProperties) = preSolution
		HideSolutionNode = FALSE
	EndGlobalSection
	GlobalSection(NestedProjects) = preSolution
		{9E658BA8-6E16-47F0-952F-A9546D871118} = {65B5F97B-9892-422B-BA9A-39370BD6C9FA}
		{880E85A2-3E14-49D8-9B9C-FA95405891F4} = {65B5F97B-9892-422B-BA9A-39370BD6C9FA}
		{3A53475F-62D8-44D9-9AC0-219B7FAD7D5F} = {65B5F97B-9892-422B-BA9A-39370BD6C9FA}
		{172214AD-28B6-4D6A-8815-98CAD320E6F2} = {AF975F33-26B2-4A92-AA57-66E58B9456C6}
		{D3F5F18E-0181-4AC6-A7AD-9882663EBEB9} = {93AA184B-11B7-4074-9106-8EE3F47F69BD}
		{F5ECA312-0421-4438-9CF1-8E684F78E0DE} = {50683C47-B25F-4C93-9FDC-161F9ED26E2C}
		{1CE2EBC4-0DCF-4BE4-91B2-20610065E472} = {AF975F33-26B2-4A92-AA57-66E58B9456C6}
		{D1E7D236-32EF-45D7-883F-CEFE78620690} = {AF975F33-26B2-4A92-AA57-66E58B9456C6}
		{20D8D7B7-04BA-406C-A552-CB25FC7E63B9} = {AF975F33-26B2-4A92-AA57-66E58B9456C6}
		{34769DF1-1CCC-45DB-A378-3F869885B0DC} = {93AA184B-11B7-4074-9106-8EE3F47F69BD}
		{2251F6BD-AA72-4AF4-9E91-609356BED088} = {93AA184B-11B7-4074-9106-8EE3F47F69BD}
		{EA39C236-028F-4304-BEB4-7545E8DCCEB4} = {C8D88358-B033-4AAB-B9A6-4B739A805D68}
	EndGlobalSection
EndGlobal
